
Microsoft Visual Studio Solution File, Format Version 12.00
# Visual Studio Version 17
VisualStudioVersion = 17.11.35222.181
MinimumVisualStudioVersion = 10.0.40219.1
Project("{FAE04EC0-301F-11D3-BF4B-00C04F79EFBC}") = "Lab2_RestService", "Lab2_RestService\Lab2_RestService.csproj", "{648C0B8C-E95F-4EBC-9A2A-1A62E2D7E463}"
EndProject
Global
	GlobalSection(SolutionConfigurationPlatforms) = preSolution
		Debug|Any CPU = Debug|Any CPU
		Release|Any CPU = Release|Any CPU
	EndGlobalSection
	GlobalSection(ProjectConfigurationPlatforms) = postSolution
		{648C0B8C-E95F-4EBC-9A2A-1A62E2D7E463}.Debug|Any CPU.ActiveCfg = Debug|Any CPU
		{648C0B8C-E95F-4EBC-9A2A-1A62E2D7E463}.Debug|Any CPU.Build.0 = Debug|Any CPU
		{648C0B8C-E95F-4EBC-9A2A-1A62E2D7E463}.Release|Any CPU.ActiveCfg = Release|Any CPU
		{648C0B8C-E95F-4EBC-9A2A-1A62E2D7E463}.Release|Any CPU.Build.0 = Release|Any CPU
	EndGlobalSection
	GlobalSection(SolutionProperties) = preSolution
		HideSolutionNode = FALSE
	EndGlobalSection
	GlobalSection(ExtensibilityGlobals) = postSolution
		SolutionGuid = {7F298389-248D-4626-A5AD-CD244ED3ADA7}
	EndGlobalSection
EndGlobal
