
Microsoft Visual Studio Solution File, Format Version 12.00
# Visual Studio Version 17
VisualStudioVersion = 17.11.35222.181
MinimumVisualStudioVersion = 10.0.40219.1
Project("{FAE04EC0-301F-11D3-BF4B-00C04F79EFBC}") = "WCFSiplex", "WCFSiplex\WCFSiplex.csproj", "{592FB6DB-0E7C-446B-9C20-32FA14F418EA}"
EndProject
Project("{FAE04EC0-301F-11D3-BF4B-00C04F79EFBC}") = "Host", "Host\Host.csproj", "{AE524F95-44A1-4B24-978B-8E0EFDF9B37F}"
EndProject
Project("{FAE04EC0-301F-11D3-BF4B-00C04F79EFBC}") = "Client1", "Client1\Client1.csproj", "{C152631C-0D92-4A97-8BF9-E207EA6415D8}"
	ProjectSection(ProjectDependencies) = postProject
		{592FB6DB-0E7C-446B-9C20-32FA14F418EA} = {592FB6DB-0E7C-446B-9C20-32FA14F418EA}
	EndProjectSection
EndProject
Project("{FAE04EC0-301F-11D3-BF4B-00C04F79EFBC}") = "Client2", "Client2\Client2.csproj", "{BC98CC08-25E3-4061-8E6B-4A6AB10CEC2B}"
	ProjectSection(ProjectDependencies) = postProject
		{592FB6DB-0E7C-446B-9C20-32FA14F418EA} = {592FB6DB-0E7C-446B-9C20-32FA14F418EA}
	EndProjectSection
EndProject
Global
	GlobalSection(SolutionConfigurationPlatforms) = preSolution
		Debug|Any CPU = Debug|Any CPU
		Release|Any CPU = Release|Any CPU
	EndGlobalSection
	GlobalSection(ProjectConfigurationPlatforms) = postSolution
		{592FB6DB-0E7C-446B-9C20-32FA14F418EA}.Debug|Any CPU.ActiveCfg = Debug|Any CPU
		{592FB6DB-0E7C-446B-9C20-32FA14F418EA}.Debug|Any CPU.Build.0 = Debug|Any CPU
		{592FB6DB-0E7C-446B-9C20-32FA14F418EA}.Release|Any CPU.ActiveCfg = Release|Any CPU
		{592FB6DB-0E7C-446B-9C20-32FA14F418EA}.Release|Any CPU.Build.0 = Release|Any CPU
		{AE524F95-44A1-4B24-978B-8E0EFDF9B37F}.Debug|Any CPU.ActiveCfg = Debug|Any CPU
		{AE524F95-44A1-4B24-978B-8E0EFDF9B37F}.Debug|Any CPU.Build.0 = Debug|Any CPU
		{AE524F95-44A1-4B24-978B-8E0EFDF9B37F}.Release|Any CPU.ActiveCfg = Release|Any CPU
		{AE524F95-44A1-4B24-978B-8E0EFDF9B37F}.Release|Any CPU.Build.0 = Release|Any CPU
		{C152631C-0D92-4A97-8BF9-E207EA6415D8}.Debug|Any CPU.ActiveCfg = Debug|Any CPU
		{C152631C-0D92-4A97-8BF9-E207EA6415D8}.Debug|Any CPU.Build.0 = Debug|Any CPU
		{C152631C-0D92-4A97-8BF9-E207EA6415D8}.Release|Any CPU.ActiveCfg = Release|Any CPU
		{C152631C-0D92-4A97-8BF9-E207EA6415D8}.Release|Any CPU.Build.0 = Release|Any CPU
		{BC98CC08-25E3-4061-8E6B-4A6AB10CEC2B}.Debug|Any CPU.ActiveCfg = Debug|Any CPU
		{BC98CC08-25E3-4061-8E6B-4A6AB10CEC2B}.Debug|Any CPU.Build.0 = Debug|Any CPU
		{BC98CC08-25E3-4061-8E6B-4A6AB10CEC2B}.Release|Any CPU.ActiveCfg = Release|Any CPU
		{BC98CC08-25E3-4061-8E6B-4A6AB10CEC2B}.Release|Any CPU.Build.0 = Release|Any CPU
	EndGlobalSection
	GlobalSection(SolutionProperties) = preSolution
		HideSolutionNode = FALSE
	EndGlobalSection
	GlobalSection(ExtensibilityGlobals) = postSolution
		SolutionGuid = {8E88CCAD-5E79-4BF1-A4A1-9C76E56DF08F}
	EndGlobalSection
EndGlobal
